// !$*UTF8*$!
{
	archiveVersion = 1;
	classes = {
	};
	objectVersion = 55;
	objects = {

/* Begin PBXBuildFile section */
		998C8FD4291EC82E00B5769F /* NavyHistoryApp.swift in Sources */ = {isa = PBXBuildFile; fileRef = 998C8FD3291EC82E00B5769F /* NavyHistoryApp.swift */; };
		998C8FD8291EC83200B5769F /* Assets.xcassets in Resources */ = {isa = PBXBuildFile; fileRef = 998C8FD7291EC83200B5769F /* Assets.xcassets */; };
		998C8FDB291EC83200B5769F /* Preview Assets.xcassets in Resources */ = {isa = PBXBuildFile; fileRef = 998C8FDA291EC83200B5769F /* Preview Assets.xcassets */; };
		998C8FE5291ECA8E00B5769F /* Game.swift in Sources */ = {isa = PBXBuildFile; fileRef = 998C8FE4291ECA8E00B5769F /* Game.swift */; };
		998C8FE7291ECA9D00B5769F /* Question.swift in Sources */ = {isa = PBXBuildFile; fileRef = 998C8FE6291ECA9D00B5769F /* Question.swift */; };
		998C8FEA291ECAF400B5769F /* GameViewModel.swift in Sources */ = {isa = PBXBuildFile; fileRef = 998C8FE9291ECAF400B5769F /* GameViewModel.swift */; };
		998C8FEC291ECB0200B5769F /* ScoreViewModel.swift in Sources */ = {isa = PBXBuildFile; fileRef = 998C8FEB291ECB0200B5769F /* ScoreViewModel.swift */; };
		998C8FEE291ECB3700B5769F /* ChoiceTextView.swift in Sources */ = {isa = PBXBuildFile; fileRef = 998C8FED291ECB3700B5769F /* ChoiceTextView.swift */; };
		998C8FF0291ECB4500B5769F /* GameView.swift in Sources */ = {isa = PBXBuildFile; fileRef = 998C8FEF291ECB4500B5769F /* GameView.swift */; };
		998C8FF2291ECB5500B5769F /* WelcomeView.swift in Sources */ = {isa = PBXBuildFile; fileRef = 998C8FF1291ECB5500B5769F /* WelcomeView.swift */; };
		998C8FF4291ECB9D00B5769F /* GameColor.swift in Sources */ = {isa = PBXBuildFile; fileRef = 998C8FF3291ECB9D00B5769F /* GameColor.swift */; };
		998C8FF6291ECBB500B5769F /* QuestionView.swift in Sources */ = {isa = PBXBuildFile; fileRef = 998C8FF5291ECBB500B5769F /* QuestionView.swift */; };
		998C8FF8291ECBCB00B5769F /* BottomTextView.swift in Sources */ = {isa = PBXBuildFile; fileRef = 998C8FF7291ECBCB00B5769F /* BottomTextView.swift */; };
		998C8FFA291ECBD300B5769F /* ScoreView.swift in Sources */ = {isa = PBXBuildFile; fileRef = 998C8FF9291ECBD300B5769F /* ScoreView.swift */; };
		99CA71192924AE4F0003E6A9 /* QInfo1.swift in Sources */ = {isa = PBXBuildFile; fileRef = 99CA71182924AE4F0003E6A9 /* QInfo1.swift */; };
		99CA711B2924AE5C0003E6A9 /* QInfo2.swift in Sources */ = {isa = PBXBuildFile; fileRef = 99CA711A2924AE5C0003E6A9 /* QInfo2.swift */; };
		99CA711D2924AE6E0003E6A9 /* QInfo3.swift in Sources */ = {isa = PBXBuildFile; fileRef = 99CA711C2924AE6E0003E6A9 /* QInfo3.swift */; };
		99CA71232924B1F90003E6A9 /* QInfo4.swift in Sources */ = {isa = PBXBuildFile; fileRef = 99CA71222924B1F90003E6A9 /* QInfo4.swift */; };
		99CA71252924B2040003E6A9 /* QInfo5.swift in Sources */ = {isa = PBXBuildFile; fileRef = 99CA71242924B2040003E6A9 /* QInfo5.swift */; };
		FC7E35C32936672500BE8EFE /* AInfo1.swift in Sources */ = {isa = PBXBuildFile; fileRef = FC7E35C22936672500BE8EFE /* AInfo1.swift */; };
		FC7E35C52936673400BE8EFE /* AInfo2.swift in Sources */ = {isa = PBXBuildFile; fileRef = FC7E35C42936673400BE8EFE /* AInfo2.swift */; };
		FC7E35C72936674000BE8EFE /* AInfo3.swift in Sources */ = {isa = PBXBuildFile; fileRef = FC7E35C62936674000BE8EFE /* AInfo3.swift */; };
		FC7E35C92936674A00BE8EFE /* AInfo4.swift in Sources */ = {isa = PBXBuildFile; fileRef = FC7E35C82936674A00BE8EFE /* AInfo4.swift */; };
		FC7E35CB2936675700BE8EFE /* AInfo5.swift in Sources */ = {isa = PBXBuildFile; fileRef = FC7E35CA2936675700BE8EFE /* AInfo5.swift */; };
/* End PBXBuildFile section */

/* Begin PBXFileReference section */
		998C8FD0291EC82E00B5769F /* NavyHistory.app */ = {isa = PBXFileReference; explicitFileType = wrapper.application; includeInIndex = 0; path = NavyHistory.app; sourceTree = BUILT_PRODUCTS_DIR; };
		998C8FD3291EC82E00B5769F /* NavyHistoryApp.swift */ = {isa = PBXFileReference; lastKnownFileType = sourcecode.swift; path = NavyHistoryApp.swift; sourceTree = "<group>"; };
		998C8FD7291EC83200B5769F /* Assets.xcassets */ = {isa = PBXFileReference; lastKnownFileType = folder.assetcatalog; path = Assets.xcassets; sourceTree = "<group>"; };
		998C8FDA291EC83200B5769F /* Preview Assets.xcassets */ = {isa = PBXFileReference; lastKnownFileType = folder.assetcatalog; path = "Preview Assets.xcassets"; sourceTree = "<group>"; };
		998C8FE4291ECA8E00B5769F /* Game.swift */ = {isa = PBXFileReference; lastKnownFileType = sourcecode.swift; path = Game.swift; sourceTree = "<group>"; };
		998C8FE6291ECA9D00B5769F /* Question.swift */ = {isa = PBXFileReference; lastKnownFileType = sourcecode.swift; path = Question.swift; sourceTree = "<group>"; };
		998C8FE9291ECAF400B5769F /* GameViewModel.swift */ = {isa = PBXFileReference; lastKnownFileType = sourcecode.swift; path = GameViewModel.swift; sourceTree = "<group>"; };
		998C8FEB291ECB0200B5769F /* ScoreViewModel.swift */ = {isa = PBXFileReference; lastKnownFileType = sourcecode.swift; path = ScoreViewModel.swift; sourceTree = "<group>"; };
		998C8FED291ECB3700B5769F /* ChoiceTextView.swift */ = {isa = PBXFileReference; lastKnownFileType = sourcecode.swift; path = ChoiceTextView.swift; sourceTree = "<group>"; };
		998C8FEF291ECB4500B5769F /* GameView.swift */ = {isa = PBXFileReference; lastKnownFileType = sourcecode.swift; path = GameView.swift; sourceTree = "<group>"; };
		998C8FF1291ECB5500B5769F /* WelcomeView.swift */ = {isa = PBXFileReference; lastKnownFileType = sourcecode.swift; path = WelcomeView.swift; sourceTree = "<group>"; };
		998C8FF3291ECB9D00B5769F /* GameColor.swift */ = {isa = PBXFileReference; lastKnownFileType = sourcecode.swift; path = GameColor.swift; sourceTree = "<group>"; };
		998C8FF5291ECBB500B5769F /* QuestionView.swift */ = {isa = PBXFileReference; lastKnownFileType = sourcecode.swift; path = QuestionView.swift; sourceTree = "<group>"; };
		998C8FF7291ECBCB00B5769F /* BottomTextView.swift */ = {isa = PBXFileReference; lastKnownFileType = sourcecode.swift; path = BottomTextView.swift; sourceTree = "<group>"; };
		998C8FF9291ECBD300B5769F /* ScoreView.swift */ = {isa = PBXFileReference; lastKnownFileType = sourcecode.swift; path = ScoreView.swift; sourceTree = "<group>"; };
		99CA71182924AE4F0003E6A9 /* QInfo1.swift */ = {isa = PBXFileReference; lastKnownFileType = sourcecode.swift; path = QInfo1.swift; sourceTree = "<group>"; };
		99CA711A2924AE5C0003E6A9 /* QInfo2.swift */ = {isa = PBXFileReference; lastKnownFileType = sourcecode.swift; path = QInfo2.swift; sourceTree = "<group>"; };
		99CA711C2924AE6E0003E6A9 /* QInfo3.swift */ = {isa = PBXFileReference; lastKnownFileType = sourcecode.swift; path = QInfo3.swift; sourceTree = "<group>"; };
		99CA71222924B1F90003E6A9 /* QInfo4.swift */ = {isa = PBXFileReference; lastKnownFileType = sourcecode.swift; path = QInfo4.swift; sourceTree = "<group>"; };
		99CA71242924B2040003E6A9 /* QInfo5.swift */ = {isa = PBXFileReference; lastKnownFileType = sourcecode.swift; path = QInfo5.swift; sourceTree = "<group>"; };
		FC7E35C22936672500BE8EFE /* AInfo1.swift */ = {isa = PBXFileReference; lastKnownFileType = sourcecode.swift; path = AInfo1.swift; sourceTree = "<group>"; };
		FC7E35C42936673400BE8EFE /* AInfo2.swift */ = {isa = PBXFileReference; lastKnownFileType = sourcecode.swift; path = AInfo2.swift; sourceTree = "<group>"; };
		FC7E35C62936674000BE8EFE /* AInfo3.swift */ = {isa = PBXFileReference; lastKnownFileType = sourcecode.swift; path = AInfo3.swift; sourceTree = "<group>"; };
		FC7E35C82936674A00BE8EFE /* AInfo4.swift */ = {isa = PBXFileReference; lastKnownFileType = sourcecode.swift; path = AInfo4.swift; sourceTree = "<group>"; };
		FC7E35CA2936675700BE8EFE /* AInfo5.swift */ = {isa = PBXFileReference; lastKnownFileType = sourcecode.swift; path = AInfo5.swift; sourceTree = "<group>"; };
/* End PBXFileReference section */

/* Begin PBXFrameworksBuildPhase section */
		998C8FCD291EC82E00B5769F /* Frameworks */ = {
			isa = PBXFrameworksBuildPhase;
			buildActionMask = 2147483647;
			files = (
			);
			runOnlyForDeploymentPostprocessing = 0;
		};
/* End PBXFrameworksBuildPhase section */

/* Begin PBXGroup section */
		998C8FC7291EC82E00B5769F = {
			isa = PBXGroup;
			children = (
				998C8FD2291EC82E00B5769F /* NavyHistory */,
				998C8FD1291EC82E00B5769F /* Products */,
			);
			sourceTree = "<group>";
		};
		998C8FD1291EC82E00B5769F /* Products */ = {
			isa = PBXGroup;
			children = (
				998C8FD0291EC82E00B5769F /* NavyHistory.app */,
			);
			name = Products;
			sourceTree = "<group>";
		};
		998C8FD2291EC82E00B5769F /* NavyHistory */ = {
			isa = PBXGroup;
			children = (
				998C8FE3291ECA4C00B5769F /* Models */,
				998C8FE2291ECA4600B5769F /* ViewModels */,
				998C8FE1291ECA3C00B5769F /* Views */,
				998C8FD3291EC82E00B5769F /* NavyHistoryApp.swift */,
				998C8FD7291EC83200B5769F /* Assets.xcassets */,
				998C8FD9291EC83200B5769F /* Preview Content */,
			);
			path = NavyHistory;
			sourceTree = "<group>";
		};
		998C8FD9291EC83200B5769F /* Preview Content */ = {
			isa = PBXGroup;
			children = (
				998C8FDA291EC83200B5769F /* Preview Assets.xcassets */,
			);
			path = "Preview Content";
			sourceTree = "<group>";
		};
		998C8FE1291ECA3C00B5769F /* Views */ = {
			isa = PBXGroup;
			children = (
				FC7E35C1293666F400BE8EFE /* AInfo */,
				99CA71172924ADFB0003E6A9 /* QInfo */,
				998C8FED291ECB3700B5769F /* ChoiceTextView.swift */,
				998C8FEF291ECB4500B5769F /* GameView.swift */,
				998C8FF1291ECB5500B5769F /* WelcomeView.swift */,
				998C8FF3291ECB9D00B5769F /* GameColor.swift */,
				998C8FF5291ECBB500B5769F /* QuestionView.swift */,
				998C8FF7291ECBCB00B5769F /* BottomTextView.swift */,
				998C8FF9291ECBD300B5769F /* ScoreView.swift */,
			);
			path = Views;
			sourceTree = "<group>";
		};
		998C8FE2291ECA4600B5769F /* ViewModels */ = {
			isa = PBXGroup;
			children = (
				998C8FE9291ECAF400B5769F /* GameViewModel.swift */,
				998C8FEB291ECB0200B5769F /* ScoreViewModel.swift */,
			);
			path = ViewModels;
			sourceTree = "<group>";
		};
		998C8FE3291ECA4C00B5769F /* Models */ = {
			isa = PBXGroup;
			children = (
				998C8FE4291ECA8E00B5769F /* Game.swift */,
				998C8FE6291ECA9D00B5769F /* Question.swift */,
			);
			path = Models;
			sourceTree = "<group>";
		};
		99CA71172924ADFB0003E6A9 /* QInfo */ = {
			isa = PBXGroup;
			children = (
				99CA71182924AE4F0003E6A9 /* QInfo1.swift */,
				99CA711A2924AE5C0003E6A9 /* QInfo2.swift */,
				99CA711C2924AE6E0003E6A9 /* QInfo3.swift */,
				99CA71222924B1F90003E6A9 /* QInfo4.swift */,
				99CA71242924B2040003E6A9 /* QInfo5.swift */,
			);
			path = QInfo;
			sourceTree = "<group>";
		};
		FC7E35C1293666F400BE8EFE /* AInfo */ = {
			isa = PBXGroup;
			children = (
				FC7E35C22936672500BE8EFE /* AInfo1.swift */,
				FC7E35C42936673400BE8EFE /* AInfo2.swift */,
				FC7E35C62936674000BE8EFE /* AInfo3.swift */,
				FC7E35C82936674A00BE8EFE /* AInfo4.swift */,
				FC7E35CA2936675700BE8EFE /* AInfo5.swift */,
			);
			path = AInfo;
			sourceTree = "<group>";
		};
/* End PBXGroup section */

/* Begin PBXNativeTarget section */
		998C8FCF291EC82E00B5769F /* NavyHistory */ = {
			isa = PBXNativeTarget;
			buildConfigurationList = 998C8FDE291EC83200B5769F /* Build configuration list for PBXNativeTarget "NavyHistory" */;
			buildPhases = (
				998C8FCC291EC82E00B5769F /* Sources */,
				998C8FCD291EC82E00B5769F /* Frameworks */,
				998C8FCE291EC82E00B5769F /* Resources */,
			);
			buildRules = (
			);
			dependencies = (
			);
			name = NavyHistory;
			productName = NavyHistory;
			productReference = 998C8FD0291EC82E00B5769F /* NavyHistory.app */;
			productType = "com.apple.product-type.application";
		};
/* End PBXNativeTarget section */

/* Begin PBXProject section */
		998C8FC8291EC82E00B5769F /* Project object */ = {
			isa = PBXProject;
			attributes = {
				BuildIndependentTargetsInParallel = 1;
				LastSwiftUpdateCheck = 1340;
				LastUpgradeCheck = 1340;
				TargetAttributes = {
					998C8FCF291EC82E00B5769F = {
						CreatedOnToolsVersion = 13.4.1;
					};
				};
			};
			buildConfigurationList = 998C8FCB291EC82E00B5769F /* Build configuration list for PBXProject "NavyHistory" */;
			compatibilityVersion = "Xcode 13.0";
			developmentRegion = en;
			hasScannedForEncodings = 0;
			knownRegions = (
				en,
				Base,
			);
			mainGroup = 998C8FC7291EC82E00B5769F;
			productRefGroup = 998C8FD1291EC82E00B5769F /* Products */;
			projectDirPath = "";
			projectRoot = "";
			targets = (
				998C8FCF291EC82E00B5769F /* NavyHistory */,
			);
		};
/* End PBXProject section */

/* Begin PBXResourcesBuildPhase section */
		998C8FCE291EC82E00B5769F /* Resources */ = {
			isa = PBXResourcesBuildPhase;
			buildActionMask = 2147483647;
			files = (
				998C8FDB291EC83200B5769F /* Preview Assets.xcassets in Resources */,
				998C8FD8291EC83200B5769F /* Assets.xcassets in Resources */,
			);
			runOnlyForDeploymentPostprocessing = 0;
		};
/* End PBXResourcesBuildPhase section */

/* Begin PBXSourcesBuildPhase section */
		998C8FCC291EC82E00B5769F /* Sources */ = {
			isa = PBXSourcesBuildPhase;
			buildActionMask = 2147483647;
			files = (
				FC7E35C92936674A00BE8EFE /* AInfo4.swift in Sources */,
				FC7E35C52936673400BE8EFE /* AInfo2.swift in Sources */,
				998C8FF6291ECBB500B5769F /* QuestionView.swift in Sources */,
				998C8FEA291ECAF400B5769F /* GameViewModel.swift in Sources */,
				998C8FEC291ECB0200B5769F /* ScoreViewModel.swift in Sources */,
				998C8FEE291ECB3700B5769F /* ChoiceTextView.swift in Sources */,
				998C8FF2291ECB5500B5769F /* WelcomeView.swift in Sources */,
				998C8FFA291ECBD300B5769F /* ScoreView.swift in Sources */,
				998C8FF4291ECB9D00B5769F /* GameColor.swift in Sources */,
				99CA71192924AE4F0003E6A9 /* QInfo1.swift in Sources */,
				99CA71232924B1F90003E6A9 /* QInfo4.swift in Sources */,
				FC7E35C32936672500BE8EFE /* AInfo1.swift in Sources */,
				FC7E35C72936674000BE8EFE /* AInfo3.swift in Sources */,
				FC7E35CB2936675700BE8EFE /* AInfo5.swift in Sources */,
				99CA711B2924AE5C0003E6A9 /* QInfo2.swift in Sources */,
				998C8FF8291ECBCB00B5769F /* BottomTextView.swift in Sources */,
				998C8FE7291ECA9D00B5769F /* Question.swift in Sources */,
				998C8FD4291EC82E00B5769F /* NavyHistoryApp.swift in Sources */,
				998C8FE5291ECA8E00B5769F /* Game.swift in Sources */,
				998C8FF0291ECB4500B5769F /* GameView.swift in Sources */,
				99CA71252924B2040003E6A9 /* QInfo5.swift in Sources */,
				99CA711D2924AE6E0003E6A9 /* QInfo3.swift in Sources */,
			);
			runOnlyForDeploymentPostprocessing = 0;
		};
/* End PBXSourcesBuildPhase section */

/* Begin XCBuildConfiguration section */
		998C8FDC291EC83200B5769F /* Debug */ = {
			isa = XCBuildConfiguration;
			buildSettings = {
				ALWAYS_SEARCH_USER_PATHS = NO;
				CLANG_ANALYZER_NONNULL = YES;
				CLANG_ANALYZER_NUMBER_OBJECT_CONVERSION = YES_AGGRESSIVE;
				CLANG_CXX_LANGUAGE_STANDARD = "gnu++17";
				CLANG_ENABLE_MODULES = YES;
				CLANG_ENABLE_OBJC_ARC = YES;
				CLANG_ENABLE_OBJC_WEAK = YES;
				CLANG_WARN_BLOCK_CAPTURE_AUTORELEASING = YES;
				CLANG_WARN_BOOL_CONVERSION = YES;
				CLANG_WARN_COMMA = YES;
				CLANG_WARN_CONSTANT_CONVERSION = YES;
				CLANG_WARN_DEPRECATED_OBJC_IMPLEMENTATIONS = YES;
				CLANG_WARN_DIRECT_OBJC_ISA_USAGE = YES_ERROR;
				CLANG_WARN_DOCUMENTATION_COMMENTS = YES;
				CLANG_WARN_EMPTY_BODY = YES;
				CLANG_WARN_ENUM_CONVERSION = YES;
				CLANG_WARN_INFINITE_RECURSION = YES;
				CLANG_WARN_INT_CONVERSION = YES;
				CLANG_WARN_NON_LITERAL_NULL_CONVERSION = YES;
				CLANG_WARN_OBJC_IMPLICIT_RETAIN_SELF = YES;
				CLANG_WARN_OBJC_LITERAL_CONVERSION = YES;
				CLANG_WARN_OBJC_ROOT_CLASS = YES_ERROR;
				CLANG_WARN_QUOTED_INCLUDE_IN_FRAMEWORK_HEADER = YES;
				CLANG_WARN_RANGE_LOOP_ANALYSIS = YES;
				CLANG_WARN_STRICT_PROTOTYPES = YES;
				CLANG_WARN_SUSPICIOUS_MOVE = YES;
				CLANG_WARN_UNGUARDED_AVAILABILITY = YES_AGGRESSIVE;
				CLANG_WARN_UNREACHABLE_CODE = YES;
				CLANG_WARN__DUPLICATE_METHOD_MATCH = YES;
				COPY_PHASE_STRIP = NO;
				DEBUG_INFORMATION_FORMAT = dwarf;
				ENABLE_STRICT_OBJC_MSGSEND = YES;
				ENABLE_TESTABILITY = YES;
				GCC_C_LANGUAGE_STANDARD = gnu11;
				GCC_DYNAMIC_NO_PIC = NO;
				GCC_NO_COMMON_BLOCKS = YES;
				GCC_OPTIMIZATION_LEVEL = 0;
				GCC_PREPROCESSOR_DEFINITIONS = (
					"DEBUG=1",
					"$(inherited)",
				);
				GCC_WARN_64_TO_32_BIT_CONVERSION = YES;
				GCC_WARN_ABOUT_RETURN_TYPE = YES_ERROR;
				GCC_WARN_UNDECLARED_SELECTOR = YES;
				GCC_WARN_UNINITIALIZED_AUTOS = YES_AGGRESSIVE;
				GCC_WARN_UNUSED_FUNCTION = YES;
				GCC_WARN_UNUSED_VARIABLE = YES;
				IPHONEOS_DEPLOYMENT_TARGET = 15.5;
				MTL_ENABLE_DEBUG_INFO = INCLUDE_SOURCE;
				MTL_FAST_MATH = YES;
				ONLY_ACTIVE_ARCH = YES;
				SDKROOT = iphoneos;
				SWIFT_ACTIVE_COMPILATION_CONDITIONS = DEBUG;
				SWIFT_OPTIMIZATION_LEVEL = "-Onone";
			};
			name = Debug;
		};
		998C8FDD291EC83200B5769F /* Release */ = {
			isa = XCBuildConfiguration;
			buildSettings = {
				ALWAYS_SEARCH_USER_PATHS = NO;
				CLANG_ANALYZER_NONNULL = YES;
				CLANG_ANALYZER_NUMBER_OBJECT_CONVERSION = YES_AGGRESSIVE;
				CLANG_CXX_LANGUAGE_STANDARD = "gnu++17";
				CLANG_ENABLE_MODULES = YES;
				CLANG_ENABLE_OBJC_ARC = YES;
				CLANG_ENABLE_OBJC_WEAK = YES;
				CLANG_WARN_BLOCK_CAPTURE_AUTORELEASING = YES;
				CLANG_WARN_BOOL_CONVERSION = YES;
				CLANG_WARN_COMMA = YES;
				CLANG_WARN_CONSTANT_CONVERSION = YES;
				CLANG_WARN_DEPRECATED_OBJC_IMPLEMENTATIONS = YES;
				CLANG_WARN_DIRECT_OBJC_ISA_USAGE = YES_ERROR;
				CLANG_WARN_DOCUMENTATION_COMMENTS = YES;
				CLANG_WARN_EMPTY_BODY = YES;
				CLANG_WARN_ENUM_CONVERSION = YES;
				CLANG_WARN_INFINITE_RECURSION = YES;
				CLANG_WARN_INT_CONVERSION = YES;
				CLANG_WARN_NON_LITERAL_NULL_CONVERSION = YES;
				CLANG_WARN_OBJC_IMPLICIT_RETAIN_SELF = YES;
				CLANG_WARN_OBJC_LITERAL_CONVERSION = YES;
				CLANG_WARN_OBJC_ROOT_CLASS = YES_ERROR;
				CLANG_WARN_QUOTED_INCLUDE_IN_FRAMEWORK_HEADER = YES;
				CLANG_WARN_RANGE_LOOP_ANALYSIS = YES;
				CLANG_WARN_STRICT_PROTOTYPES = YES;
				CLANG_WARN_SUSPICIOUS_MOVE = YES;
				CLANG_WARN_UNGUARDED_AVAILABILITY = YES_AGGRESSIVE;
				CLANG_WARN_UNREACHABLE_CODE = YES;
				CLANG_WARN__DUPLICATE_METHOD_MATCH = YES;
				COPY_PHASE_STRIP = NO;
				DEBUG_INFORMATION_FORMAT = "dwarf-with-dsym";
				ENABLE_NS_ASSERTIONS = NO;
				ENABLE_STRICT_OBJC_MSGSEND = YES;
				GCC_C_LANGUAGE_STANDARD = gnu11;
				GCC_NO_COMMON_BLOCKS = YES;
				GCC_WARN_64_TO_32_BIT_CONVERSION = YES;
				GCC_WARN_ABOUT_RETURN_TYPE = YES_ERROR;
				GCC_WARN_UNDECLARED_SELECTOR = YES;
				GCC_WARN_UNINITIALIZED_AUTOS = YES_AGGRESSIVE;
				GCC_WARN_UNUSED_FUNCTION = YES;
				GCC_WARN_UNUSED_VARIABLE = YES;
				IPHONEOS_DEPLOYMENT_TARGET = 15.5;
				MTL_ENABLE_DEBUG_INFO = NO;
				MTL_FAST_MATH = YES;
				SDKROOT = iphoneos;
				SWIFT_COMPILATION_MODE = wholemodule;
				SWIFT_OPTIMIZATION_LEVEL = "-O";
				VALIDATE_PRODUCT = YES;
			};
			name = Release;
		};
		998C8FDF291EC83200B5769F /* Debug */ = {
			isa = XCBuildConfiguration;
			buildSettings = {
				ASSETCATALOG_COMPILER_APPICON_NAME = AppIcon;
				ASSETCATALOG_COMPILER_GLOBAL_ACCENT_COLOR_NAME = AccentColor;
				CODE_SIGN_STYLE = Automatic;
				CURRENT_PROJECT_VERSION = 1;
				DEVELOPMENT_ASSET_PATHS = "\"NavyHistory/Preview Content\"";
				DEVELOPMENT_TEAM = AFG6WC97A2;
				ENABLE_PREVIEWS = YES;
				GENERATE_INFOPLIST_FILE = YES;
				INFOPLIST_KEY_UIApplicationSceneManifest_Generation = YES;
				INFOPLIST_KEY_UIApplicationSupportsIndirectInputEvents = YES;
				INFOPLIST_KEY_UILaunchScreen_Generation = YES;
				INFOPLIST_KEY_UISupportedInterfaceOrientations_iPad = "UIInterfaceOrientationPortrait UIInterfaceOrientationPortraitUpsideDown UIInterfaceOrientationLandscapeLeft UIInterfaceOrientationLandscapeRight";
				INFOPLIST_KEY_UISupportedInterfaceOrientations_iPhone = "UIInterfaceOrientationPortrait UIInterfaceOrientationLandscapeLeft UIInterfaceOrientationLandscapeRight";
				LD_RUNPATH_SEARCH_PATHS = (
					"$(inherited)",
					"@executable_path/Frameworks",
				);
				MARKETING_VERSION = 1.0;
				PRODUCT_BUNDLE_IDENTIFIER = com.ChrisNunez.NavyHistory;
				PRODUCT_NAME = "$(TARGET_NAME)";
				SWIFT_EMIT_LOC_STRINGS = YES;
				SWIFT_VERSION = 5.0;
				TARGETED_DEVICE_FAMILY = "1,2";
			};
			name = Debug;
		};
		998C8FE0291EC83200B5769F /* Release */ = {
			isa = XCBuildConfiguration;
			buildSettings = {
				ASSETCATALOG_COMPILER_APPICON_NAME = AppIcon;
				ASSETCATALOG_COMPILER_GLOBAL_ACCENT_COLOR_NAME = AccentColor;
				CODE_SIGN_STYLE = Automatic;
				CURRENT_PROJECT_VERSION = 1;
				DEVELOPMENT_ASSET_PATHS = "\"NavyHistory/Preview Content\"";
				DEVELOPMENT_TEAM = AFG6WC97A2;
				ENABLE_PREVIEWS = YES;
				GENERATE_INFOPLIST_FILE = YES;
				INFOPLIST_KEY_UIApplicationSceneManifest_Generation = YES;
				INFOPLIST_KEY_UIApplicationSupportsIndirectInputEvents = YES;
				INFOPLIST_KEY_UILaunchScreen_Generation = YES;
				INFOPLIST_KEY_UISupportedInterfaceOrientations_iPad = "UIInterfaceOrientationPortrait UIInterfaceOrientationPortraitUpsideDown UIInterfaceOrientationLandscapeLeft UIInterfaceOrientationLandscapeRight";
				INFOPLIST_KEY_UISupportedInterfaceOrientations_iPhone = "UIInterfaceOrientationPortrait UIInterfaceOrientationLandscapeLeft UIInterfaceOrientationLandscapeRight";
				LD_RUNPATH_SEARCH_PATHS = (
					"$(inherited)",
					"@executable_path/Frameworks",
				);
				MARKETING_VERSION = 1.0;
				PRODUCT_BUNDLE_IDENTIFIER = com.ChrisNunez.NavyHistory;
				PRODUCT_NAME = "$(TARGET_NAME)";
				SWIFT_EMIT_LOC_STRINGS = YES;
				SWIFT_VERSION = 5.0;
				TARGETED_DEVICE_FAMILY = "1,2";
			};
			name = Release;
		};
/* End XCBuildConfiguration section */

/* Begin XCConfigurationList section */
		998C8FCB291EC82E00B5769F /* Build configuration list for PBXProject "NavyHistory" */ = {
			isa = XCConfigurationList;
			buildConfigurations = (
				998C8FDC291EC83200B5769F /* Debug */,
				998C8FDD291EC83200B5769F /* Release */,
			);
			defaultConfigurationIsVisible = 0;
			defaultConfigurationName = Release;
		};
		998C8FDE291EC83200B5769F /* Build configuration list for PBXNativeTarget "NavyHistory" */ = {
			isa = XCConfigurationList;
			buildConfigurations = (
				998C8FDF291EC83200B5769F /* Debug */,
				998C8FE0291EC83200B5769F /* Release */,
			);
			defaultConfigurationIsVisible = 0;
			defaultConfigurationName = Release;
		};
/* End XCConfigurationList section */
	};
	rootObject = 998C8FC8291EC82E00B5769F /* Project object */;
}
